// !$*UTF8*$!
{
	archiveVersion = 1;
	classes = {
	};
	objectVersion = 50;
	objects = {

/* Begin PBXBuildFile section */
		7445A9DF2559073B00E55A65 /* AppDelegate.swift in Sources */ = {isa = PBXBuildFile; fileRef = 7445A9DE2559073B00E55A65 /* AppDelegate.swift */; };
		7445A9E12559073B00E55A65 /* SceneDelegate.swift in Sources */ = {isa = PBXBuildFile; fileRef = 7445A9E02559073B00E55A65 /* SceneDelegate.swift */; };
		7445A9E32559073B00E55A65 /* MapViewController.swift in Sources */ = {isa = PBXBuildFile; fileRef = 7445A9E22559073B00E55A65 /* MapViewController.swift */; };
		7445A9E62559073B00E55A65 /* Main.storyboard in Resources */ = {isa = PBXBuildFile; fileRef = 7445A9E42559073B00E55A65 /* Main.storyboard */; };
		7445A9E82559073F00E55A65 /* Assets.xcassets in Resources */ = {isa = PBXBuildFile; fileRef = 7445A9E72559073F00E55A65 /* Assets.xcassets */; };
		7445A9EB2559073F00E55A65 /* LaunchScreen.storyboard in Resources */ = {isa = PBXBuildFile; fileRef = 7445A9E92559073F00E55A65 /* LaunchScreen.storyboard */; };
		7445A9F7255A6BF400E55A65 /* AlbumViewController.swift in Sources */ = {isa = PBXBuildFile; fileRef = 7445A9F6255A6BF400E55A65 /* AlbumViewController.swift */; };
		7445A9FC255E44AD00E55A65 /* FlickrClient.swift in Sources */ = {isa = PBXBuildFile; fileRef = 7445A9FB255E44AD00E55A65 /* FlickrClient.swift */; };
		7445AA04255E5D8800E55A65 /* FlickrPhoto.swift in Sources */ = {isa = PBXBuildFile; fileRef = 7445AA03255E5D8800E55A65 /* FlickrPhoto.swift */; };
		7445AA07255E5E2600E55A65 /* SearchPhotosResponse.swift in Sources */ = {isa = PBXBuildFile; fileRef = 7445AA06255E5E2600E55A65 /* SearchPhotosResponse.swift */; };
		7445AA16255FF40400E55A65 /* PhotoCell.swift in Sources */ = {isa = PBXBuildFile; fileRef = 7445AA15255FF40300E55A65 /* PhotoCell.swift */; };
		7487338625623CC600BE95B8 /* VirtualTourist.xcdatamodeld in Sources */ = {isa = PBXBuildFile; fileRef = 7487338425623CC600BE95B8 /* VirtualTourist.xcdatamodeld */; };
		748733892562448600BE95B8 /* DataController.swift in Sources */ = {isa = PBXBuildFile; fileRef = 748733882562448600BE95B8 /* DataController.swift */; };
		74A5F32F25601E5D00787568 /* FlickrPhotos.swift in Sources */ = {isa = PBXBuildFile; fileRef = 74A5F32E25601E5D00787568 /* FlickrPhotos.swift */; };
/* End PBXBuildFile section */

/* Begin PBXFileReference section */
		7445A9DB2559073B00E55A65 /* VirtualTourist.app */ = {isa = PBXFileReference; explicitFileType = wrapper.application; includeInIndex = 0; path = VirtualTourist.app; sourceTree = BUILT_PRODUCTS_DIR; };
		7445A9DE2559073B00E55A65 /* AppDelegate.swift */ = {isa = PBXFileReference; lastKnownFileType = sourcecode.swift; path = AppDelegate.swift; sourceTree = "<group>"; };
		7445A9E02559073B00E55A65 /* SceneDelegate.swift */ = {isa = PBXFileReference; lastKnownFileType = sourcecode.swift; path = SceneDelegate.swift; sourceTree = "<group>"; };
		7445A9E22559073B00E55A65 /* MapViewController.swift */ = {isa = PBXFileReference; lastKnownFileType = sourcecode.swift; path = MapViewController.swift; sourceTree = "<group>"; };
		7445A9E52559073B00E55A65 /* Base */ = {isa = PBXFileReference; lastKnownFileType = file.storyboard; name = Base; path = Base.lproj/Main.storyboard; sourceTree = "<group>"; };
		7445A9E72559073F00E55A65 /* Assets.xcassets */ = {isa = PBXFileReference; lastKnownFileType = folder.assetcatalog; path = Assets.xcassets; sourceTree = "<group>"; };
		7445A9EA2559073F00E55A65 /* Base */ = {isa = PBXFileReference; lastKnownFileType = file.storyboard; name = Base; path = Base.lproj/LaunchScreen.storyboard; sourceTree = "<group>"; };
		7445A9EC2559073F00E55A65 /* Info.plist */ = {isa = PBXFileReference; lastKnownFileType = text.plist.xml; path = Info.plist; sourceTree = "<group>"; };
		7445A9F6255A6BF400E55A65 /* AlbumViewController.swift */ = {isa = PBXFileReference; lastKnownFileType = sourcecode.swift; path = AlbumViewController.swift; sourceTree = "<group>"; };
		7445A9FB255E44AD00E55A65 /* FlickrClient.swift */ = {isa = PBXFileReference; lastKnownFileType = sourcecode.swift; path = FlickrClient.swift; sourceTree = "<group>"; };
		7445AA03255E5D8800E55A65 /* FlickrPhoto.swift */ = {isa = PBXFileReference; lastKnownFileType = sourcecode.swift; path = FlickrPhoto.swift; sourceTree = "<group>"; };
		7445AA06255E5E2600E55A65 /* SearchPhotosResponse.swift */ = {isa = PBXFileReference; lastKnownFileType = sourcecode.swift; path = SearchPhotosResponse.swift; sourceTree = "<group>"; };
		7445AA15255FF40300E55A65 /* PhotoCell.swift */ = {isa = PBXFileReference; lastKnownFileType = sourcecode.swift; path = PhotoCell.swift; sourceTree = "<group>"; };
		7487338525623CC600BE95B8 /* VirtualTourist.xcdatamodel */ = {isa = PBXFileReference; lastKnownFileType = wrapper.xcdatamodel; path = VirtualTourist.xcdatamodel; sourceTree = "<group>"; };
		748733882562448600BE95B8 /* DataController.swift */ = {isa = PBXFileReference; lastKnownFileType = sourcecode.swift; path = DataController.swift; sourceTree = "<group>"; };
		74A5F32E25601E5D00787568 /* FlickrPhotos.swift */ = {isa = PBXFileReference; lastKnownFileType = sourcecode.swift; path = FlickrPhotos.swift; sourceTree = "<group>"; };
/* End PBXFileReference section */

/* Begin PBXFrameworksBuildPhase section */
		7445A9D82559073B00E55A65 /* Frameworks */ = {
			isa = PBXFrameworksBuildPhase;
			buildActionMask = 2147483647;
			files = (
			);
			runOnlyForDeploymentPostprocessing = 0;
		};
/* End PBXFrameworksBuildPhase section */

/* Begin PBXGroup section */
		7445A9D22559073B00E55A65 = {
			isa = PBXGroup;
			children = (
				7445A9DD2559073B00E55A65 /* VirtualTourist */,
				7445A9DC2559073B00E55A65 /* Products */,
			);
			sourceTree = "<group>";
		};
		7445A9DC2559073B00E55A65 /* Products */ = {
			isa = PBXGroup;
			children = (
				7445A9DB2559073B00E55A65 /* VirtualTourist.app */,
			);
			name = Products;
			sourceTree = "<group>";
		};
		7445A9DD2559073B00E55A65 /* VirtualTourist */ = {
			isa = PBXGroup;
			children = (
				7445A9EC2559073F00E55A65 /* Info.plist */,
				7445A9DE2559073B00E55A65 /* AppDelegate.swift */,
				7445A9E02559073B00E55A65 /* SceneDelegate.swift */,
				74873376256234F600BE95B8 /* Model */,
				74873377256234FF00BE95B8 /* View */,
				748733782562350D00BE95B8 /* Controller */,
			);
			path = VirtualTourist;
			sourceTree = "<group>";
		};
		74873376256234F600BE95B8 /* Model */ = {
			isa = PBXGroup;
			children = (
				7487337D2562364C00BE95B8 /* Data */,
				7487337C2562361600BE95B8 /* Flickr Client */,
			);
			path = Model;
			sourceTree = "<group>";
		};
		74873377256234FF00BE95B8 /* View */ = {
			isa = PBXGroup;
			children = (
				7445A9E42559073B00E55A65 /* Main.storyboard */,
				7445A9E72559073F00E55A65 /* Assets.xcassets */,
				7445A9E92559073F00E55A65 /* LaunchScreen.storyboard */,
			);
			path = View;
			sourceTree = "<group>";
		};
		748733782562350D00BE95B8 /* Controller */ = {
			isa = PBXGroup;
			children = (
				7445A9E22559073B00E55A65 /* MapViewController.swift */,
				7445A9F6255A6BF400E55A65 /* AlbumViewController.swift */,
				7445AA15255FF40300E55A65 /* PhotoCell.swift */,
			);
			path = Controller;
			sourceTree = "<group>";
		};
		7487337C2562361600BE95B8 /* Flickr Client */ = {
			isa = PBXGroup;
			children = (
				7445A9FB255E44AD00E55A65 /* FlickrClient.swift */,
				7445AA03255E5D8800E55A65 /* FlickrPhoto.swift */,
				74A5F32E25601E5D00787568 /* FlickrPhotos.swift */,
				7445AA06255E5E2600E55A65 /* SearchPhotosResponse.swift */,
			);
			path = "Flickr Client";
			sourceTree = "<group>";
		};
		7487337D2562364C00BE95B8 /* Data */ = {
			isa = PBXGroup;
			children = (
				7487338425623CC600BE95B8 /* VirtualTourist.xcdatamodeld */,
				748733882562448600BE95B8 /* DataController.swift */,
			);
			path = Data;
			sourceTree = "<group>";
		};
/* End PBXGroup section */

/* Begin PBXNativeTarget section */
		7445A9DA2559073B00E55A65 /* VirtualTourist */ = {
			isa = PBXNativeTarget;
			buildConfigurationList = 7445A9EF2559073F00E55A65 /* Build configuration list for PBXNativeTarget "VirtualTourist" */;
			buildPhases = (
				7445A9D72559073B00E55A65 /* Sources */,
				7445A9D82559073B00E55A65 /* Frameworks */,
				7445A9D92559073B00E55A65 /* Resources */,
			);
			buildRules = (
			);
			dependencies = (
			);
			name = VirtualTourist;
			productName = VirtualTourist;
			productReference = 7445A9DB2559073B00E55A65 /* VirtualTourist.app */;
			productType = "com.apple.product-type.application";
		};
/* End PBXNativeTarget section */

/* Begin PBXProject section */
		7445A9D32559073B00E55A65 /* Project object */ = {
			isa = PBXProject;
			attributes = {
				LastSwiftUpdateCheck = 1210;
				LastUpgradeCheck = 1210;
				TargetAttributes = {
					7445A9DA2559073B00E55A65 = {
						CreatedOnToolsVersion = 12.1;
					};
				};
			};
			buildConfigurationList = 7445A9D62559073B00E55A65 /* Build configuration list for PBXProject "VirtualTourist" */;
			compatibilityVersion = "Xcode 9.3";
			developmentRegion = en;
			hasScannedForEncodings = 0;
			knownRegions = (
				en,
				Base,
			);
			mainGroup = 7445A9D22559073B00E55A65;
			productRefGroup = 7445A9DC2559073B00E55A65 /* Products */;
			projectDirPath = "";
			projectRoot = "";
			targets = (
				7445A9DA2559073B00E55A65 /* VirtualTourist */,
			);
		};
/* End PBXProject section */

/* Begin PBXResourcesBuildPhase section */
		7445A9D92559073B00E55A65 /* Resources */ = {
			isa = PBXResourcesBuildPhase;
			buildActionMask = 2147483647;
			files = (
				7445A9EB2559073F00E55A65 /* LaunchScreen.storyboard in Resources */,
				7445A9E82559073F00E55A65 /* Assets.xcassets in Resources */,
				7445A9E62559073B00E55A65 /* Main.storyboard in Resources */,
			);
			runOnlyForDeploymentPostprocessing = 0;
		};
/* End PBXResourcesBuildPhase section */

/* Begin PBXSourcesBuildPhase section */
		7445A9D72559073B00E55A65 /* Sources */ = {
			isa = PBXSourcesBuildPhase;
			buildActionMask = 2147483647;
			files = (
				7445AA04255E5D8800E55A65 /* FlickrPhoto.swift in Sources */,
				7445A9F7255A6BF400E55A65 /* AlbumViewController.swift in Sources */,
				7445A9FC255E44AD00E55A65 /* FlickrClient.swift in Sources */,
				7445A9E32559073B00E55A65 /* MapViewController.swift in Sources */,
				74A5F32F25601E5D00787568 /* FlickrPhotos.swift in Sources */,
				748733892562448600BE95B8 /* DataController.swift in Sources */,
				7445A9DF2559073B00E55A65 /* AppDelegate.swift in Sources */,
				7487338625623CC600BE95B8 /* VirtualTourist.xcdatamodeld in Sources */,
				7445A9E12559073B00E55A65 /* SceneDelegate.swift in Sources */,
				7445AA07255E5E2600E55A65 /* SearchPhotosResponse.swift in Sources */,
				7445AA16255FF40400E55A65 /* PhotoCell.swift in Sources */,
			);
			runOnlyForDeploymentPostprocessing = 0;
		};
/* End PBXSourcesBuildPhase section */

/* Begin PBXVariantGroup section */
		7445A9E42559073B00E55A65 /* Main.storyboard */ = {
			isa = PBXVariantGroup;
			children = (
				7445A9E52559073B00E55A65 /* Base */,
			);
			name = Main.storyboard;
			sourceTree = "<group>";
		};
		7445A9E92559073F00E55A65 /* LaunchScreen.storyboard */ = {
			isa = PBXVariantGroup;
			children = (
				7445A9EA2559073F00E55A65 /* Base */,
			);
			name = LaunchScreen.storyboard;
			sourceTree = "<group>";
		};
/* End PBXVariantGroup section */

/* Begin XCBuildConfiguration section */
		7445A9ED2559073F00E55A65 /* Debug */ = {
			isa = XCBuildConfiguration;
			buildSettings = {
				ALWAYS_SEARCH_USER_PATHS = NO;
				CLANG_ANALYZER_NONNULL = YES;
				CLANG_ANALYZER_NUMBER_OBJECT_CONVERSION = YES_AGGRESSIVE;
				CLANG_CXX_LANGUAGE_STANDARD = "gnu++14";
				CLANG_CXX_LIBRARY = "libc++";
				CLANG_ENABLE_MODULES = YES;
				CLANG_ENABLE_OBJC_ARC = YES;
				CLANG_ENABLE_OBJC_WEAK = YES;
				CLANG_WARN_BLOCK_CAPTURE_AUTORELEASING = YES;
				CLANG_WARN_BOOL_CONVERSION = YES;
				CLANG_WARN_COMMA = YES;
				CLANG_WARN_CONSTANT_CONVERSION = YES;
				CLANG_WARN_DEPRECATED_OBJC_IMPLEMENTATIONS = YES;
				CLANG_WARN_DIRECT_OBJC_ISA_USAGE = YES_ERROR;
				CLANG_WARN_DOCUMENTATION_COMMENTS = YES;
				CLANG_WARN_EMPTY_BODY = YES;
				CLANG_WARN_ENUM_CONVERSION = YES;
				CLANG_WARN_INFINITE_RECURSION = YES;
				CLANG_WARN_INT_CONVERSION = YES;
				CLANG_WARN_NON_LITERAL_NULL_CONVERSION = YES;
				CLANG_WARN_OBJC_IMPLICIT_RETAIN_SELF = YES;
				CLANG_WARN_OBJC_LITERAL_CONVERSION = YES;
				CLANG_WARN_OBJC_ROOT_CLASS = YES_ERROR;
				CLANG_WARN_QUOTED_INCLUDE_IN_FRAMEWORK_HEADER = YES;
				CLANG_WARN_RANGE_LOOP_ANALYSIS = YES;
				CLANG_WARN_STRICT_PROTOTYPES = YES;
				CLANG_WARN_SUSPICIOUS_MOVE = YES;
				CLANG_WARN_UNGUARDED_AVAILABILITY = YES_AGGRESSIVE;
				CLANG_WARN_UNREACHABLE_CODE = YES;
				CLANG_WARN__DUPLICATE_METHOD_MATCH = YES;
				COPY_PHASE_STRIP = NO;
				DEBUG_INFORMATION_FORMAT = dwarf;
				ENABLE_STRICT_OBJC_MSGSEND = YES;
				ENABLE_TESTABILITY = YES;
				GCC_C_LANGUAGE_STANDARD = gnu11;
				GCC_DYNAMIC_NO_PIC = NO;
				GCC_NO_COMMON_BLOCKS = YES;
				GCC_OPTIMIZATION_LEVEL = 0;
				GCC_PREPROCESSOR_DEFINITIONS = (
					"DEBUG=1",
					"$(inherited)",
				);
				GCC_WARN_64_TO_32_BIT_CONVERSION = YES;
				GCC_WARN_ABOUT_RETURN_TYPE = YES_ERROR;
				GCC_WARN_UNDECLARED_SELECTOR = YES;
				GCC_WARN_UNINITIALIZED_AUTOS = YES_AGGRESSIVE;
				GCC_WARN_UNUSED_FUNCTION = YES;
				GCC_WARN_UNUSED_VARIABLE = YES;
				IPHONEOS_DEPLOYMENT_TARGET = 14.1;
				MTL_ENABLE_DEBUG_INFO = INCLUDE_SOURCE;
				MTL_FAST_MATH = YES;
				ONLY_ACTIVE_ARCH = YES;
				SDKROOT = iphoneos;
				SWIFT_ACTIVE_COMPILATION_CONDITIONS = DEBUG;
				SWIFT_OPTIMIZATION_LEVEL = "-Onone";
			};
			name = Debug;
		};
		7445A9EE2559073F00E55A65 /* Release */ = {
			isa = XCBuildConfiguration;
			buildSettings = {
				ALWAYS_SEARCH_USER_PATHS = NO;
				CLANG_ANALYZER_NONNULL = YES;
				CLANG_ANALYZER_NUMBER_OBJECT_CONVERSION = YES_AGGRESSIVE;
				CLANG_CXX_LANGUAGE_STANDARD = "gnu++14";
				CLANG_CXX_LIBRARY = "libc++";
				CLANG_ENABLE_MODULES = YES;
				CLANG_ENABLE_OBJC_ARC = YES;
				CLANG_ENABLE_OBJC_WEAK = YES;
				CLANG_WARN_BLOCK_CAPTURE_AUTORELEASING = YES;
				CLANG_WARN_BOOL_CONVERSION = YES;
				CLANG_WARN_COMMA = YES;
				CLANG_WARN_CONSTANT_CONVERSION = YES;
				CLANG_WARN_DEPRECATED_OBJC_IMPLEMENTATIONS = YES;
				CLANG_WARN_DIRECT_OBJC_ISA_USAGE = YES_ERROR;
				CLANG_WARN_DOCUMENTATION_COMMENTS = YES;
				CLANG_WARN_EMPTY_BODY = YES;
				CLANG_WARN_ENUM_CONVERSION = YES;
				CLANG_WARN_INFINITE_RECURSION = YES;
				CLANG_WARN_INT_CONVERSION = YES;
				CLANG_WARN_NON_LITERAL_NULL_CONVERSION = YES;
				CLANG_WARN_OBJC_IMPLICIT_RETAIN_SELF = YES;
				CLANG_WARN_OBJC_LITERAL_CONVERSION = YES;
				CLANG_WARN_OBJC_ROOT_CLASS = YES_ERROR;
				CLANG_WARN_QUOTED_INCLUDE_IN_FRAMEWORK_HEADER = YES;
				CLANG_WARN_RANGE_LOOP_ANALYSIS = YES;
				CLANG_WARN_STRICT_PROTOTYPES = YES;
				CLANG_WARN_SUSPICIOUS_MOVE = YES;
				CLANG_WARN_UNGUARDED_AVAILABILITY = YES_AGGRESSIVE;
				CLANG_WARN_UNREACHABLE_CODE = YES;
				CLANG_WARN__DUPLICATE_METHOD_MATCH = YES;
				COPY_PHASE_STRIP = NO;
				DEBUG_INFORMATION_FORMAT = "dwarf-with-dsym";
				ENABLE_NS_ASSERTIONS = NO;
				ENABLE_STRICT_OBJC_MSGSEND = YES;
				GCC_C_LANGUAGE_STANDARD = gnu11;
				GCC_NO_COMMON_BLOCKS = YES;
				GCC_WARN_64_TO_32_BIT_CONVERSION = YES;
				GCC_WARN_ABOUT_RETURN_TYPE = YES_ERROR;
				GCC_WARN_UNDECLARED_SELECTOR = YES;
				GCC_WARN_UNINITIALIZED_AUTOS = YES_AGGRESSIVE;
				GCC_WARN_UNUSED_FUNCTION = YES;
				GCC_WARN_UNUSED_VARIABLE = YES;
				IPHONEOS_DEPLOYMENT_TARGET = 14.1;
				MTL_ENABLE_DEBUG_INFO = NO;
				MTL_FAST_MATH = YES;
				SDKROOT = iphoneos;
				SWIFT_COMPILATION_MODE = wholemodule;
				SWIFT_OPTIMIZATION_LEVEL = "-O";
				VALIDATE_PRODUCT = YES;
			};
			name = Release;
		};
		7445A9F02559073F00E55A65 /* Debug */ = {
			isa = XCBuildConfiguration;
			buildSettings = {
				ASSETCATALOG_COMPILER_APPICON_NAME = AppIcon;
				ASSETCATALOG_COMPILER_GLOBAL_ACCENT_COLOR_NAME = AccentColor;
				CODE_SIGN_STYLE = Automatic;
				INFOPLIST_FILE = VirtualTourist/Info.plist;
				LD_RUNPATH_SEARCH_PATHS = (
					"$(inherited)",
					"@executable_path/Frameworks",
				);
				PRODUCT_BUNDLE_IDENTIFIER = com.112358dev.VirtualTourist;
				PRODUCT_NAME = "$(TARGET_NAME)";
				SWIFT_VERSION = 5.0;
				TARGETED_DEVICE_FAMILY = "1,2";
			};
			name = Debug;
		};
		7445A9F12559073F00E55A65 /* Release */ = {
			isa = XCBuildConfiguration;
			buildSettings = {
				ASSETCATALOG_COMPILER_APPICON_NAME = AppIcon;
				ASSETCATALOG_COMPILER_GLOBAL_ACCENT_COLOR_NAME = AccentColor;
				CODE_SIGN_STYLE = Automatic;
				INFOPLIST_FILE = VirtualTourist/Info.plist;
				LD_RUNPATH_SEARCH_PATHS = (
					"$(inherited)",
					"@executable_path/Frameworks",
				);
				PRODUCT_BUNDLE_IDENTIFIER = com.112358dev.VirtualTourist;
				PRODUCT_NAME = "$(TARGET_NAME)";
				SWIFT_VERSION = 5.0;
				TARGETED_DEVICE_FAMILY = "1,2";
			};
			name = Release;
		};
/* End XCBuildConfiguration section */

/* Begin XCConfigurationList section */
		7445A9D62559073B00E55A65 /* Build configuration list for PBXProject "VirtualTourist" */ = {
			isa = XCConfigurationList;
			buildConfigurations = (
				7445A9ED2559073F00E55A65 /* Debug */,
				7445A9EE2559073F00E55A65 /* Release */,
			);
			defaultConfigurationIsVisible = 0;
			defaultConfigurationName = Release;
		};
		7445A9EF2559073F00E55A65 /* Build configuration list for PBXNativeTarget "VirtualTourist" */ = {
			isa = XCConfigurationList;
			buildConfigurations = (
				7445A9F02559073F00E55A65 /* Debug */,
				7445A9F12559073F00E55A65 /* Release */,
			);
			defaultConfigurationIsVisible = 0;
			defaultConfigurationName = Release;
		};
/* End XCConfigurationList section */

/* Begin XCVersionGroup section */
		7487338425623CC600BE95B8 /* VirtualTourist.xcdatamodeld */ = {
			isa = XCVersionGroup;
			children = (
				7487338525623CC600BE95B8 /* VirtualTourist.xcdatamodel */,
			);
			currentVersion = 7487338525623CC600BE95B8 /* VirtualTourist.xcdatamodel */;
			path = VirtualTourist.xcdatamodeld;
			sourceTree = "<group>";
			versionGroupType = wrapper.xcdatamodel;
		};
/* End XCVersionGroup section */
	};
	rootObject = 7445A9D32559073B00E55A65 /* Project object */;
}
